
Microsoft Visual Studio Solution File, Format Version 12.00
# Visual Studio Version 17
VisualStudioVersion = 17.0.31912.275
MinimumVisualStudioVersion = 10.0.40219.1
Project("{6EC3EE1D-3C4E-46DD-8F32-0CC8E7565705}") = "WordleHacker", "WordleHacker\WordleHacker.fsproj", "{173B755C-C329-4840-AE3B-819C6F1211CE}"
EndProject
Project("{6EC3EE1D-3C4E-46DD-8F32-0CC8E7565705}") = "InitialWordAnalysis", "InitialWordAnalysis\InitialWordAnalysis.fsproj", "{E81095B0-3FFF-4606-8864-E11FF087A223}"
EndProject
Project("{6EC3EE1D-3C4E-46DD-8F32-0CC8E7565705}") = "Common", "Common\Common.fsproj", "{EADAE5B8-9D15-4810-B480-09E384E95A90}"
EndProject
Global
	GlobalSection(SolutionConfigurationPlatforms) = preSolution
		Debug|Any CPU = Debug|Any CPU
		Release|Any CPU = Release|Any CPU
	EndGlobalSection
	GlobalSection(ProjectConfigurationPlatforms) = postSolution
		{173B755C-C329-4840-AE3B-819C6F1211CE}.Debug|Any CPU.ActiveCfg = Debug|Any CPU
		{173B755C-C329-4840-AE3B-819C6F1211CE}.Debug|Any CPU.Build.0 = Debug|Any CPU
		{173B755C-C329-4840-AE3B-819C6F1211CE}.Release|Any CPU.ActiveCfg = Release|Any CPU
		{173B755C-C329-4840-AE3B-819C6F1211CE}.Release|Any CPU.Build.0 = Release|Any CPU
		{E81095B0-3FFF-4606-8864-E11FF087A223}.Debug|Any CPU.ActiveCfg = Debug|Any CPU
		{E81095B0-3FFF-4606-8864-E11FF087A223}.Debug|Any CPU.Build.0 = Debug|Any CPU
		{E81095B0-3FFF-4606-8864-E11FF087A223}.Release|Any CPU.ActiveCfg = Release|Any CPU
		{E81095B0-3FFF-4606-8864-E11FF087A223}.Release|Any CPU.Build.0 = Release|Any CPU
		{EADAE5B8-9D15-4810-B480-09E384E95A90}.Debug|Any CPU.ActiveCfg = Debug|Any CPU
		{EADAE5B8-9D15-4810-B480-09E384E95A90}.Debug|Any CPU.Build.0 = Debug|Any CPU
		{EADAE5B8-9D15-4810-B480-09E384E95A90}.Release|Any CPU.ActiveCfg = Release|Any CPU
		{EADAE5B8-9D15-4810-B480-09E384E95A90}.Release|Any CPU.Build.0 = Release|Any CPU
	EndGlobalSection
	GlobalSection(SolutionProperties) = preSolution
		HideSolutionNode = FALSE
	EndGlobalSection
	GlobalSection(ExtensibilityGlobals) = postSolution
		SolutionGuid = {13F96400-6EE2-45F5-B9B4-108D7C9809A0}
	EndGlobalSection
EndGlobal
